
Microsoft Visual Studio Solution File, Format Version 12.00
# Visual Studio 2012
Project("{FAE04EC0-301F-11D3-BF4B-00C04F79EFBC}") = "BloodBank", "BloodBank\BloodBank.csproj", "{742B64BF-645D-4332-9CA8-E8C43A6F668E}"
EndProject
Global
	GlobalSection(SolutionConfigurationPlatforms) = preSolution
		Debug|Any CPU = Debug|Any CPU
		Release|Any CPU = Release|Any CPU
	EndGlobalSection
	GlobalSection(ProjectConfigurationPlatforms) = postSolution
		{742B64BF-645D-4332-9CA8-E8C43A6F668E}.Debug|Any CPU.ActiveCfg = Debug|Any CPU
		{742B64BF-645D-4332-9CA8-E8C43A6F668E}.Debug|Any CPU.Build.0 = Debug|Any CPU
		{742B64BF-645D-4332-9CA8-E8C43A6F668E}.Release|Any CPU.ActiveCfg = Release|Any CPU
		{742B64BF-645D-4332-9CA8-E8C43A6F668E}.Release|Any CPU.Build.0 = Release|Any CPU
	EndGlobalSection
	GlobalSection(SolutionProperties) = preSolution
		HideSolutionNode = FALSE
	EndGlobalSection
EndGlobal
